// !$*UTF8*$!
{
	archiveVersion = 1;
	classes = {
	};
	objectVersion = 46;
	objects = {

/* Begin PBXBuildFile section */
		4C0F99B9178B98CA00344A22 /* helperFunctions.c in Sources */ = {isa = PBXBuildFile; fileRef = 4C0F99B8178B955100344A22 /* helperFunctions.c */; };
		4C135B69178B1F8200FC1E85 /* main.c in Sources */ = {isa = PBXBuildFile; fileRef = 4C135B68178B1F8200FC1E85 /* main.c */; };
		4C135B6B178B1F8200FC1E85 /* PseudoCode.1 in CopyFiles */ = {isa = PBXBuildFile; fileRef = 4C135B6A178B1F8200FC1E85 /* PseudoCode.1 */; };
		4C30457617A2C8900068B934 /* constants.c in Sources */ = {isa = PBXBuildFile; fileRef = 4C30457517A2C7AB0068B934 /* constants.c */; };
		4C46A683179B246C00904A4B /* expression.c in Sources */ = {isa = PBXBuildFile; fileRef = 4CB777DB178CDD87001FDAF4 /* expression.c */; };
		4CB777F6178CEEA0001FDAF4 /* Stack.c in Sources */ = {isa = PBXBuildFile; fileRef = 4CB777F4178CEAFD001FDAF4 /* Stack.c */; };
		4CE3A947178CC52300C2E2B3 /* variableManager.c in Sources */ = {isa = PBXBuildFile; fileRef = 4CE3A93E178CB4C200C2E2B3 /* variableManager.c */; };
/* End PBXBuildFile section */

/* Begin PBXCopyFilesBuildPhase section */
		4C135B63178B1F8200FC1E85 /* CopyFiles */ = {
			isa = PBXCopyFilesBuildPhase;
			buildActionMask = 2147483647;
			dstPath = /usr/share/man/man1/;
			dstSubfolderSpec = 0;
			files = (
				4C135B6B178B1F8200FC1E85 /* PseudoCode.1 in CopyFiles */,
			);
			runOnlyForDeploymentPostprocessing = 1;
		};
/* End PBXCopyFilesBuildPhase section */

/* Begin PBXFileReference section */
		4C0F99B7178B954500344A22 /* helperFunctions.h */ = {isa = PBXFileReference; lastKnownFileType = sourcecode.c.h; path = helperFunctions.h; sourceTree = "<group>"; };
		4C0F99B8178B955100344A22 /* helperFunctions.c */ = {isa = PBXFileReference; lastKnownFileType = sourcecode.c.c; path = helperFunctions.c; sourceTree = "<group>"; };
		4C135B65178B1F8200FC1E85 /* PseudoCode */ = {isa = PBXFileReference; explicitFileType = "compiled.mach-o.executable"; includeInIndex = 0; path = PseudoCode; sourceTree = BUILT_PRODUCTS_DIR; };
		4C135B68178B1F8200FC1E85 /* main.c */ = {isa = PBXFileReference; lastKnownFileType = sourcecode.c.c; path = main.c; sourceTree = "<group>"; };
		4C135B6A178B1F8200FC1E85 /* PseudoCode.1 */ = {isa = PBXFileReference; lastKnownFileType = text.man; path = PseudoCode.1; sourceTree = "<group>"; };
		4C30457417A1844A0068B934 /* constants.h */ = {isa = PBXFileReference; lastKnownFileType = sourcecode.c.h; path = constants.h; sourceTree = "<group>"; };
		4C30457517A2C7AB0068B934 /* constants.c */ = {isa = PBXFileReference; lastKnownFileType = sourcecode.c.c; path = constants.c; sourceTree = "<group>"; };
		4CB777DA178CDD7E001FDAF4 /* expression.h */ = {isa = PBXFileReference; lastKnownFileType = sourcecode.c.h; path = expression.h; sourceTree = "<group>"; };
		4CB777DB178CDD87001FDAF4 /* expression.c */ = {isa = PBXFileReference; lastKnownFileType = sourcecode.c.c; path = expression.c; sourceTree = "<group>"; };
		4CB777F4178CEAFD001FDAF4 /* Stack.c */ = {isa = PBXFileReference; lastKnownFileType = sourcecode.c.c; path = Stack.c; sourceTree = "<group>"; };
		4CB777F5178CEAFD001FDAF4 /* Stack.h */ = {isa = PBXFileReference; lastKnownFileType = sourcecode.c.h; path = Stack.h; sourceTree = "<group>"; };
		4CE3A93E178CB4C200C2E2B3 /* variableManager.c */ = {isa = PBXFileReference; lastKnownFileType = sourcecode.c.c; path = variableManager.c; sourceTree = "<group>"; };
		4CE3A93F178CB4CE00C2E2B3 /* variableManager.h */ = {isa = PBXFileReference; lastKnownFileType = sourcecode.c.h; path = variableManager.h; sourceTree = "<group>"; };
/* End PBXFileReference section */

/* Begin PBXFrameworksBuildPhase section */
		4C135B62178B1F8200FC1E85 /* Frameworks */ = {
			isa = PBXFrameworksBuildPhase;
			buildActionMask = 2147483647;
			files = (
			);
			runOnlyForDeploymentPostprocessing = 0;
		};
/* End PBXFrameworksBuildPhase section */

/* Begin PBXGroup section */
		4C135B5C178B1F8200FC1E85 = {
			isa = PBXGroup;
			children = (
				4C135B67178B1F8200FC1E85 /* PseudoCode */,
				4C135B66178B1F8200FC1E85 /* Products */,
				4CB777F5178CEAFD001FDAF4 /* Stack.h */,
				4CB777F4178CEAFD001FDAF4 /* Stack.c */,
			);
			sourceTree = "<group>";
		};
		4C135B66178B1F8200FC1E85 /* Products */ = {
			isa = PBXGroup;
			children = (
				4C135B65178B1F8200FC1E85 /* PseudoCode */,
			);
			name = Products;
			sourceTree = "<group>";
		};
		4C135B67178B1F8200FC1E85 /* PseudoCode */ = {
			isa = PBXGroup;
			children = (
				4C135B68178B1F8200FC1E85 /* main.c */,
				4C0F99B7178B954500344A22 /* helperFunctions.h */,
				4C0F99B8178B955100344A22 /* helperFunctions.c */,
				4CE3A93F178CB4CE00C2E2B3 /* variableManager.h */,
				4CE3A93E178CB4C200C2E2B3 /* variableManager.c */,
				4CB777DA178CDD7E001FDAF4 /* expression.h */,
				4CB777DB178CDD87001FDAF4 /* expression.c */,
				4C30457417A1844A0068B934 /* constants.h */,
				4C30457517A2C7AB0068B934 /* constants.c */,
				4C135B6A178B1F8200FC1E85 /* PseudoCode.1 */,
			);
			path = PseudoCode;
			sourceTree = "<group>";
		};
/* End PBXGroup section */

/* Begin PBXNativeTarget section */
		4C135B64178B1F8200FC1E85 /* PseudoCode */ = {
			isa = PBXNativeTarget;
			buildConfigurationList = 4C135B6E178B1F8200FC1E85 /* Build configuration list for PBXNativeTarget "PseudoCode" */;
			buildPhases = (
				4C135B61178B1F8200FC1E85 /* Sources */,
				4C135B62178B1F8200FC1E85 /* Frameworks */,
				4C135B63178B1F8200FC1E85 /* CopyFiles */,
			);
			buildRules = (
			);
			dependencies = (
			);
			name = PseudoCode;
			productName = PseudoCode;
			productReference = 4C135B65178B1F8200FC1E85 /* PseudoCode */;
			productType = "com.apple.product-type.tool";
		};
/* End PBXNativeTarget section */

/* Begin PBXProject section */
		4C135B5D178B1F8200FC1E85 /* Project object */ = {
			isa = PBXProject;
			attributes = {
				LastUpgradeCheck = 0500;
				ORGANIZATIONNAME = "Michael Thiessen";
			};
			buildConfigurationList = 4C135B60178B1F8200FC1E85 /* Build configuration list for PBXProject "PseudoCode" */;
			compatibilityVersion = "Xcode 3.2";
			developmentRegion = English;
			hasScannedForEncodings = 0;
			knownRegions = (
				en,
			);
			mainGroup = 4C135B5C178B1F8200FC1E85;
			productRefGroup = 4C135B66178B1F8200FC1E85 /* Products */;
			projectDirPath = "";
			projectRoot = "";
			targets = (
				4C135B64178B1F8200FC1E85 /* PseudoCode */,
			);
		};
/* End PBXProject section */

/* Begin PBXSourcesBuildPhase section */
		4C135B61178B1F8200FC1E85 /* Sources */ = {
			isa = PBXSourcesBuildPhase;
			buildActionMask = 2147483647;
			files = (
				4C30457617A2C8900068B934 /* constants.c in Sources */,
				4C46A683179B246C00904A4B /* expression.c in Sources */,
				4CB777F6178CEEA0001FDAF4 /* Stack.c in Sources */,
				4CE3A947178CC52300C2E2B3 /* variableManager.c in Sources */,
				4C0F99B9178B98CA00344A22 /* helperFunctions.c in Sources */,
				4C135B69178B1F8200FC1E85 /* main.c in Sources */,
			);
			runOnlyForDeploymentPostprocessing = 0;
		};
/* End PBXSourcesBuildPhase section */

/* Begin XCBuildConfiguration section */
		4C135B6C178B1F8200FC1E85 /* Debug */ = {
			isa = XCBuildConfiguration;
			buildSettings = {
				ALWAYS_SEARCH_USER_PATHS = NO;
				CLANG_CXX_LANGUAGE_STANDARD = "gnu++0x";
				CLANG_CXX_LIBRARY = "libc++";
				CLANG_ENABLE_MODULES = YES;
				CLANG_ENABLE_OBJC_ARC = YES;
				CLANG_WARN_BOOL_CONVERSION = YES;
				CLANG_WARN_CONSTANT_CONVERSION = YES;
				CLANG_WARN_DIRECT_OBJC_ISA_USAGE = YES_ERROR;
				CLANG_WARN_EMPTY_BODY = YES;
				CLANG_WARN_ENUM_CONVERSION = YES;
				CLANG_WARN_INT_CONVERSION = YES;
				CLANG_WARN_OBJC_ROOT_CLASS = YES_ERROR;
				CLANG_WARN__DUPLICATE_METHOD_MATCH = YES;
				COPY_PHASE_STRIP = NO;
				GCC_C_LANGUAGE_STANDARD = gnu99;
				GCC_DYNAMIC_NO_PIC = NO;
				GCC_ENABLE_OBJC_EXCEPTIONS = YES;
				GCC_OPTIMIZATION_LEVEL = 0;
				GCC_PREPROCESSOR_DEFINITIONS = (
					"DEBUG=1",
					"$(inherited)",
				);
				GCC_SYMBOLS_PRIVATE_EXTERN = NO;
				GCC_WARN_64_TO_32_BIT_CONVERSION = YES;
				GCC_WARN_ABOUT_RETURN_TYPE = YES_ERROR;
				GCC_WARN_UNDECLARED_SELECTOR = YES;
				GCC_WARN_UNINITIALIZED_AUTOS = YES;
				GCC_WARN_UNUSED_FUNCTION = YES;
				GCC_WARN_UNUSED_VARIABLE = YES;
				MACOSX_DEPLOYMENT_TARGET = 10.8;
				ONLY_ACTIVE_ARCH = YES;
				SDKROOT = macosx;
			};
			name = Debug;
		};
		4C135B6D178B1F8200FC1E85 /* Release */ = {
			isa = XCBuildConfiguration;
			buildSettings = {
				ALWAYS_SEARCH_USER_PATHS = NO;
				CLANG_CXX_LANGUAGE_STANDARD = "gnu++0x";
				CLANG_CXX_LIBRARY = "libc++";
				CLANG_ENABLE_MODULES = YES;
				CLANG_ENABLE_OBJC_ARC = YES;
				CLANG_WARN_BOOL_CONVERSION = YES;
				CLANG_WARN_CONSTANT_CONVERSION = YES;
				CLANG_WARN_DIRECT_OBJC_ISA_USAGE = YES_ERROR;
				CLANG_WARN_EMPTY_BODY = YES;
				CLANG_WARN_ENUM_CONVERSION = YES;
				CLANG_WARN_INT_CONVERSION = YES;
				CLANG_WARN_OBJC_ROOT_CLASS = YES_ERROR;
				CLANG_WARN__DUPLICATE_METHOD_MATCH = YES;
				COPY_PHASE_STRIP = YES;
				DEBUG_INFORMATION_FORMAT = "dwarf-with-dsym";
				ENABLE_NS_ASSERTIONS = NO;
				GCC_C_LANGUAGE_STANDARD = gnu99;
				GCC_ENABLE_OBJC_EXCEPTIONS = YES;
				GCC_WARN_64_TO_32_BIT_CONVERSION = YES;
				GCC_WARN_ABOUT_RETURN_TYPE = YES_ERROR;
				GCC_WARN_UNDECLARED_SELECTOR = YES;
				GCC_WARN_UNINITIALIZED_AUTOS = YES;
				GCC_WARN_UNUSED_FUNCTION = YES;
				GCC_WARN_UNUSED_VARIABLE = YES;
				MACOSX_DEPLOYMENT_TARGET = 10.8;
				SDKROOT = macosx;
			};
			name = Release;
		};
		4C135B6F178B1F8200FC1E85 /* Debug */ = {
			isa = XCBuildConfiguration;
			buildSettings = {
				PRODUCT_NAME = "$(TARGET_NAME)";
			};
			name = Debug;
		};
		4C135B70178B1F8200FC1E85 /* Release */ = {
			isa = XCBuildConfiguration;
			buildSettings = {
				PRODUCT_NAME = "$(TARGET_NAME)";
			};
			name = Release;
		};
/* End XCBuildConfiguration section */

/* Begin XCConfigurationList section */
		4C135B60178B1F8200FC1E85 /* Build configuration list for PBXProject "PseudoCode" */ = {
			isa = XCConfigurationList;
			buildConfigurations = (
				4C135B6C178B1F8200FC1E85 /* Debug */,
				4C135B6D178B1F8200FC1E85 /* Release */,
			);
			defaultConfigurationIsVisible = 0;
			defaultConfigurationName = Release;
		};
		4C135B6E178B1F8200FC1E85 /* Build configuration list for PBXNativeTarget "PseudoCode" */ = {
			isa = XCConfigurationList;
			buildConfigurations = (
				4C135B6F178B1F8200FC1E85 /* Debug */,
				4C135B70178B1F8200FC1E85 /* Release */,
			);
			defaultConfigurationIsVisible = 0;
			defaultConfigurationName = Release;
		};
/* End XCConfigurationList section */
	};
	rootObject = 4C135B5D178B1F8200FC1E85 /* Project object */;
}
